
Microsoft Visual Studio Solution File, Format Version 12.00
# Visual Studio Version 17
VisualStudioVersion = 17.9.34723.18
MinimumVisualStudioVersion = 10.0.40219.1
Project("{9A19103F-16F7-4668-BE54-9A1E7A4F7556}") = "GeometryLibrary", "GeometryLibrary\GeometryLibrary.csproj", "{DF08F63E-4580-43B4-AA74-846290F933F3}"
EndProject
Project("{9A19103F-16F7-4668-BE54-9A1E7A4F7556}") = "GeometryLibrary.Tests", "GeometryLibrary.Tests\GeometryLibrary.Tests.csproj", "{5BB16560-F1A8-4277-8E5B-26710ED85EDB}"
EndProject
Project("{FAE04EC0-301F-11D3-BF4B-00C04F79EFBC}") = "GeometryLibrary.Demo", "GeometryLibrary.Demo\GeometryLibrary.Demo.csproj", "{374D2E97-37EE-4BCD-9C52-549EFD740FC5}"
EndProject
Global
	GlobalSection(SolutionConfigurationPlatforms) = preSolution
		Debug|Any CPU = Debug|Any CPU
		Release|Any CPU = Release|Any CPU
	EndGlobalSection
	GlobalSection(ProjectConfigurationPlatforms) = postSolution
		{DF08F63E-4580-43B4-AA74-846290F933F3}.Debug|Any CPU.ActiveCfg = Debug|Any CPU
		{DF08F63E-4580-43B4-AA74-846290F933F3}.Debug|Any CPU.Build.0 = Debug|Any CPU
		{DF08F63E-4580-43B4-AA74-846290F933F3}.Release|Any CPU.ActiveCfg = Release|Any CPU
		{DF08F63E-4580-43B4-AA74-846290F933F3}.Release|Any CPU.Build.0 = Release|Any CPU
		{5BB16560-F1A8-4277-8E5B-26710ED85EDB}.Debug|Any CPU.ActiveCfg = Debug|Any CPU
		{5BB16560-F1A8-4277-8E5B-26710ED85EDB}.Debug|Any CPU.Build.0 = Debug|Any CPU
		{5BB16560-F1A8-4277-8E5B-26710ED85EDB}.Release|Any CPU.ActiveCfg = Release|Any CPU
		{5BB16560-F1A8-4277-8E5B-26710ED85EDB}.Release|Any CPU.Build.0 = Release|Any CPU
		{374D2E97-37EE-4BCD-9C52-549EFD740FC5}.Debug|Any CPU.ActiveCfg = Debug|Any CPU
		{374D2E97-37EE-4BCD-9C52-549EFD740FC5}.Debug|Any CPU.Build.0 = Debug|Any CPU
		{374D2E97-37EE-4BCD-9C52-549EFD740FC5}.Release|Any CPU.ActiveCfg = Release|Any CPU
		{374D2E97-37EE-4BCD-9C52-549EFD740FC5}.Release|Any CPU.Build.0 = Release|Any CPU
	EndGlobalSection
	GlobalSection(SolutionProperties) = preSolution
		HideSolutionNode = FALSE
	EndGlobalSection
	GlobalSection(ExtensibilityGlobals) = postSolution
		SolutionGuid = {D5616057-69C0-4EE4-875B-91E37C9FE932}
	EndGlobalSection
EndGlobal
